
Microsoft Visual Studio Solution File, Format Version 12.00
# Visual Studio 2013
VisualStudioVersion = 12.0.31101.0
MinimumVisualStudioVersion = 10.0.40219.1
Project("{FAE04EC0-301F-11D3-BF4B-00C04F79EFBC}") = "Lesson12", "Lesson12\Lesson12.csproj", "{2D72571C-4B06-4D20-8209-89A1C508C72A}"
EndProject
Project("{FAE04EC0-301F-11D3-BF4B-00C04F79EFBC}") = "Lesson9", "Lesson9\Lesson9.csproj", "{3F928792-1762-4C75-9F2D-571EB475A546}"
EndProject
Project("{FAE04EC0-301F-11D3-BF4B-00C04F79EFBC}") = "Lesson13", "Lesson13\Lesson13.csproj", "{5463ADCB-0C3B-4E0A-B898-18707FE7ECD0}"
EndProject
Project("{FAE04EC0-301F-11D3-BF4B-00C04F79EFBC}") = "IoCExample", "IoCExample\IoCExample.csproj", "{3694C62C-F9BB-47C8-A6D1-2EBE699ECF19}"
EndProject
Project("{FAE04EC0-301F-11D3-BF4B-00C04F79EFBC}") = "IoCExample.Test", "IoCExample.Test\IoCExample.Test.csproj", "{820EC8C4-C325-4269-8C40-7DF5AEE6EF2B}"
EndProject
Project("{2150E333-8FDC-42A3-9474-1A3956D46DE8}") = ".nuget", ".nuget", "{CDAE2622-CF9A-4D55-B1B8-0593183597BA}"
	ProjectSection(SolutionItems) = preProject
		.nuget\NuGet.Config = .nuget\NuGet.Config
		.nuget\NuGet.exe = .nuget\NuGet.exe
		.nuget\NuGet.targets = .nuget\NuGet.targets
	EndProjectSection
EndProject
Global
	GlobalSection(SolutionConfigurationPlatforms) = preSolution
		Debug|Any CPU = Debug|Any CPU
		Release|Any CPU = Release|Any CPU
	EndGlobalSection
	GlobalSection(ProjectConfigurationPlatforms) = postSolution
		{2D72571C-4B06-4D20-8209-89A1C508C72A}.Debug|Any CPU.ActiveCfg = Debug|Any CPU
		{2D72571C-4B06-4D20-8209-89A1C508C72A}.Debug|Any CPU.Build.0 = Debug|Any CPU
		{2D72571C-4B06-4D20-8209-89A1C508C72A}.Release|Any CPU.ActiveCfg = Release|Any CPU
		{2D72571C-4B06-4D20-8209-89A1C508C72A}.Release|Any CPU.Build.0 = Release|Any CPU
		{3F928792-1762-4C75-9F2D-571EB475A546}.Debug|Any CPU.ActiveCfg = Debug|Any CPU
		{3F928792-1762-4C75-9F2D-571EB475A546}.Debug|Any CPU.Build.0 = Debug|Any CPU
		{3F928792-1762-4C75-9F2D-571EB475A546}.Release|Any CPU.ActiveCfg = Release|Any CPU
		{3F928792-1762-4C75-9F2D-571EB475A546}.Release|Any CPU.Build.0 = Release|Any CPU
		{5463ADCB-0C3B-4E0A-B898-18707FE7ECD0}.Debug|Any CPU.ActiveCfg = Debug|Any CPU
		{5463ADCB-0C3B-4E0A-B898-18707FE7ECD0}.Debug|Any CPU.Build.0 = Debug|Any CPU
		{5463ADCB-0C3B-4E0A-B898-18707FE7ECD0}.Release|Any CPU.ActiveCfg = Release|Any CPU
		{5463ADCB-0C3B-4E0A-B898-18707FE7ECD0}.Release|Any CPU.Build.0 = Release|Any CPU
		{3694C62C-F9BB-47C8-A6D1-2EBE699ECF19}.Debug|Any CPU.ActiveCfg = Debug|Any CPU
		{3694C62C-F9BB-47C8-A6D1-2EBE699ECF19}.Debug|Any CPU.Build.0 = Debug|Any CPU
		{3694C62C-F9BB-47C8-A6D1-2EBE699ECF19}.Release|Any CPU.ActiveCfg = Release|Any CPU
		{3694C62C-F9BB-47C8-A6D1-2EBE699ECF19}.Release|Any CPU.Build.0 = Release|Any CPU
		{820EC8C4-C325-4269-8C40-7DF5AEE6EF2B}.Debug|Any CPU.ActiveCfg = Debug|Any CPU
		{820EC8C4-C325-4269-8C40-7DF5AEE6EF2B}.Debug|Any CPU.Build.0 = Debug|Any CPU
		{820EC8C4-C325-4269-8C40-7DF5AEE6EF2B}.Release|Any CPU.ActiveCfg = Release|Any CPU
		{820EC8C4-C325-4269-8C40-7DF5AEE6EF2B}.Release|Any CPU.Build.0 = Release|Any CPU
	EndGlobalSection
	GlobalSection(SolutionProperties) = preSolution
		HideSolutionNode = FALSE
	EndGlobalSection
EndGlobal
